<Project xmlns="http://schemas.microsoft.com/developer/msbuild/2003">
    <PropertyGroup>
        <ProjectGuid>{7A3B08A6-305C-4910-AEFA-29D5003D7CA9}</ProjectGuid>
        <MainSource>Robber.dpr</MainSource>
        <Base>True</Base>
        <Config Condition="'$(Config)'==''">Release</Config>
        <TargetedPlatforms>1</TargetedPlatforms>
        <AppType>Application</AppType>
        <FrameworkType>VCL</FrameworkType>
        <ProjectVersion>14.3</ProjectVersion>
        <Platform Condition="'$(Platform)'==''">Win32</Platform>
    </PropertyGroup>
    <PropertyGroup Condition="'$(Config)'=='Base' or '$(Base)'!=''">
        <Base>true</Base>
    </PropertyGroup>
    <PropertyGroup Condition="('$(Platform)'=='Win32' and '$(Base)'=='true') or '$(Base_Win32)'!=''">
        <Base_Win32>true</Base_Win32>
        <CfgParent>Base</CfgParent>
        <Base>true</Base>
    </PropertyGroup>
    <PropertyGroup Condition="('$(Platform)'=='Win64' and '$(Base)'=='true') or '$(Base_Win64)'!=''">
        <Base_Win64>true</Base_Win64>
        <CfgParent>Base</CfgParent>
        <Base>true</Base>
    </PropertyGroup>
    <PropertyGroup Condition="'$(Config)'=='Release' or '$(Cfg_1)'!=''">
        <Cfg_1>true</Cfg_1>
        <CfgParent>Base</CfgParent>
        <Base>true</Base>
    </PropertyGroup>
    <PropertyGroup Condition="('$(Platform)'=='Win32' and '$(Cfg_1)'=='true') or '$(Cfg_1_Win32)'!=''">
        <Cfg_1_Win32>true</Cfg_1_Win32>
        <CfgParent>Cfg_1</CfgParent>
        <Cfg_1>true</Cfg_1>
        <Base>true</Base>
    </PropertyGroup>
    <PropertyGroup Condition="'$(Config)'=='Debug' or '$(Cfg_2)'!=''">
        <Cfg_2>true</Cfg_2>
        <CfgParent>Base</CfgParent>
        <Base>true</Base>
    </PropertyGroup>
    <PropertyGroup Condition="('$(Platform)'=='Win32' and '$(Cfg_2)'=='true') or '$(Cfg_2_Win32)'!=''">
        <Cfg_2_Win32>true</Cfg_2_Win32>
        <CfgParent>Cfg_2</CfgParent>
        <Cfg_2>true</Cfg_2>
        <Base>true</Base>
    </PropertyGroup>
    <PropertyGroup Condition="'$(Base)'!=''">
        <VCL_Custom_Styles>&quot;Carbon|VCLSTYLE|$(PUBLIC)\Documents\RAD Studio\10.0\Styles\Carbon.vsf&quot;</VCL_Custom_Styles>
        <DCC_Namespace>Vcl;Vcl.Imaging;Vcl.Touch;Vcl.Samples;Vcl.Shell;System;Xml;Data;Datasnap;Web;Soap;Winapi;$(DCC_Namespace)</DCC_Namespace>
        <DCC_E>false</DCC_E>
        <DCC_K>false</DCC_K>
        <DCC_ImageBase>00400000</DCC_ImageBase>
        <VerInfo_Keys>CompanyName=;FileDescription=;FileVersion=1.0.0.0;InternalName=;LegalCopyright=;LegalTrademarks=;OriginalFilename=;ProductName=;ProductVersion=1.0.0.0;Comments=;CFBundleName=;CFBundleDisplayName=;CFBundleIdentifier=;CFBundleVersion=;CFBundlePackageType=;CFBundleSignature=;CFBundleAllowMixedLocalizations=;CFBundleExecutable=</VerInfo_Keys>
        <DCC_F>false</DCC_F>
        <DCC_N>false</DCC_N>
        <DCC_S>false</DCC_S>
        <VerInfo_Locale>1033</VerInfo_Locale>
    </PropertyGroup>
    <PropertyGroup Condition="'$(Base_Win32)'!=''">
        <Manifest_File>$(BDS)\bin\default_app.manifest</Manifest_File>
        <DCC_Namespace>System.Win;Data.Win;Datasnap.Win;Web.Win;Soap.Win;Xml.Win;Bde;$(DCC_Namespace)</DCC_Namespace>
        <VerInfo_IncludeVerInfo>true</VerInfo_IncludeVerInfo>
        <VerInfo_Locale>1033</VerInfo_Locale>
        <Icon_MainIcon>Robber_Icon1.ico</Icon_MainIcon>
        <VerInfo_Keys>CompanyName=;FileDescription=;FileVersion=1.0.0.0;InternalName=;LegalCopyright=;LegalTrademarks=;OriginalFilename=;ProductName=;ProductVersion=1.0.0.0;Comments=</VerInfo_Keys>
    </PropertyGroup>
    <PropertyGroup Condition="'$(Base_Win64)'!=''">
        <Manifest_File>$(BDS)\bin\default_app.manifest</Manifest_File>
        <Icon_MainIcon>Robber_Icon1.ico</Icon_MainIcon>
    </PropertyGroup>
    <PropertyGroup Condition="'$(Cfg_1)'!=''">
        <DCC_SymbolReferenceInfo>0</DCC_SymbolReferenceInfo>
        <DCC_DebugInformation>false</DCC_DebugInformation>
        <DCC_LocalDebugSymbols>false</DCC_LocalDebugSymbols>
        <DCC_Define>RELEASE;$(DCC_Define)</DCC_Define>
    </PropertyGroup>
    <PropertyGroup Condition="'$(Cfg_1_Win32)'!=''">
        <VerInfo_Release>1</VerInfo_Release>
        <Icon_MainIcon>Robber_Icon.ico</Icon_MainIcon>
        <VerInfo_MinorVer>4</VerInfo_MinorVer>
        <VerInfo_IncludeVerInfo>true</VerInfo_IncludeVerInfo>
        <VerInfo_Keys>CompanyName=Felony;FileDescription=DLL Hijack Finder;FileVersion=1.4.1.0;InternalName=;LegalCopyright=;LegalTrademarks=;OriginalFilename=DLL Robber;ProductName=DLL Robber;ProductVersion=1.4.0.0;Comments=</VerInfo_Keys>
    </PropertyGroup>
    <PropertyGroup Condition="'$(Cfg_2)'!=''">
        <DCC_GenerateStackFrames>true</DCC_GenerateStackFrames>
        <DCC_Define>DEBUG;$(DCC_Define)</DCC_Define>
        <DCC_Optimize>false</DCC_Optimize>
    </PropertyGroup>
    <PropertyGroup Condition="'$(Cfg_2_Win32)'!=''">
        <VerInfo_IncludeVerInfo>true</VerInfo_IncludeVerInfo>
        <VerInfo_Keys>CompanyName=Felony;FileDescription=;FileVersion=1.0.0.0;InternalName=;LegalCopyright=;LegalTrademarks=;OriginalFilename=DLL Robber;ProductName=DLL Robber;ProductVersion=1.0.0.0;Comments=</VerInfo_Keys>
    </PropertyGroup>
    <ItemGroup>
        <DelphiCompile Include="$(MainSource)">
            <MainSource>MainSource</MainSource>
        </DelphiCompile>
        <DCCReference Include="fMain.pas">
            <Form>frmMain</Form>
        </DCCReference>
        <DCCReference Include="DLLHijack.pas"/>
        <DCCReference Include="fAbout.pas">
            <Form>frmAbout</Form>
        </DCCReference>
        <DCCReference Include="DigitalSignature.pas"/>
        <DCCReference Include="PEParser\gmap.pas"/>
        <DCCReference Include="PEParser\grbtree.pas"/>
        <DCCReference Include="PEParser\NullStream.pas"/>
        <DCCReference Include="PEParser\PE.Build.Common.pas"/>
        <DCCReference Include="PEParser\PE.Build.Export.pas"/>
        <DCCReference Include="PEParser\PE.Build.Import.pas"/>
        <DCCReference Include="PEParser\PE.Build.pas"/>
        <DCCReference Include="PEParser\PE.Build.Relocs.pas"/>
        <DCCReference Include="PEParser\PE.Build.Resource.pas"/>
        <DCCReference Include="PEParser\PE.COFF.pas"/>
        <DCCReference Include="PEParser\PE.COFF.Types.pas"/>
        <DCCReference Include="PEParser\PE.Common.pas"/>
        <DCCReference Include="PEParser\PE.DataDirectories.pas"/>
        <DCCReference Include="PEParser\PE.ExecutableLoader.pas"/>
        <DCCReference Include="PEParser\PE.ExportSym.pas"/>
        <DCCReference Include="PEParser\PE.FileHeaderToStr.pas"/>
        <DCCReference Include="PEParser\PE.Headers.pas"/>
        <DCCReference Include="PEParser\PE.ID.pas"/>
        <DCCReference Include="PEParser\PE.Image.Defaults.pas"/>
        <DCCReference Include="PEParser\PE.Image.pas"/>
        <DCCReference Include="PEParser\PE.Image.Saving.pas"/>
        <DCCReference Include="PEParser\PE.Image.x86.pas"/>
        <DCCReference Include="PEParser\PE.Imports.Func.pas"/>
        <DCCReference Include="PEParser\PE.Imports.Lib.pas"/>
        <DCCReference Include="PEParser\PE.Imports.pas"/>
        <DCCReference Include="PEParser\PE.MemoryStream.pas"/>
        <DCCReference Include="PEParser\PE.Msg.pas"/>
        <DCCReference Include="PEParser\PE.Parser.Export.pas"/>
        <DCCReference Include="PEParser\PE.Parser.Headers.pas"/>
        <DCCReference Include="PEParser\PE.Parser.Import.pas"/>
        <DCCReference Include="PEParser\PE.Parser.ImportDelayed.pas"/>
        <DCCReference Include="PEParser\PE.Parser.PData.pas"/>
        <DCCReference Include="PEParser\PE.Parser.Relocs.pas"/>
        <DCCReference Include="PEParser\PE.Parser.Resources.pas"/>
        <DCCReference Include="PEParser\PE.Parser.TLS.pas"/>
        <DCCReference Include="PEParser\PE.ParserCallbacks.pas"/>
        <DCCReference Include="PEParser\PE.ProcessModuleStream.pas"/>
        <DCCReference Include="PEParser\PE.Resources.Extract.pas"/>
        <DCCReference Include="PEParser\PE.Resources.pas"/>
        <DCCReference Include="PEParser\PE.Resources.VersionInfo.pas"/>
        <DCCReference Include="PEParser\PE.Resources.Windows.Bitmap.pas"/>
        <DCCReference Include="PEParser\PE.Resources.Windows.pas"/>
        <DCCReference Include="PEParser\PE.Resources.Windows.Strings.pas"/>
        <DCCReference Include="PEParser\PE.RTTI.pas"/>
        <DCCReference Include="PEParser\PE.Search.pas"/>
        <DCCReference Include="PEParser\PE.Section.pas"/>
        <DCCReference Include="PEParser\PE.Sections.pas"/>
        <DCCReference Include="PEParser\PE.TLS.pas"/>
        <DCCReference Include="PEParser\PE.Types.Directories.pas"/>
        <DCCReference Include="PEParser\PE.Types.DOSHeader.pas"/>
        <DCCReference Include="PEParser\PE.Types.Export.pas"/>
        <DCCReference Include="PEParser\PE.Types.FileHeader.pas"/>
        <DCCReference Include="PEParser\PE.Types.Imports.pas"/>
        <DCCReference Include="PEParser\PE.Types.ImportsDelayed.pas"/>
        <DCCReference Include="PEParser\PE.Types.NTHeaders.pas"/>
        <DCCReference Include="PEParser\PE.Types.OptionalHeader.pas"/>
        <DCCReference Include="PEParser\PE.Types.pas"/>
        <DCCReference Include="PEParser\PE.Types.Relocations.pas"/>
        <DCCReference Include="PEParser\PE.Types.Resources.pas"/>
        <DCCReference Include="PEParser\PE.Types.Sections.pas"/>
        <DCCReference Include="PEParser\PE.Types.TLS.pas"/>
        <DCCReference Include="PEParser\PE.Utils.pas"/>
        <DCCReference Include="PEParser\WinHelper.pas"/>
        <BuildConfiguration Include="Debug">
            <Key>Cfg_2</Key>
            <CfgParent>Base</CfgParent>
        </BuildConfiguration>
        <BuildConfiguration Include="Base">
            <Key>Base</Key>
        </BuildConfiguration>
        <BuildConfiguration Include="Release">
            <Key>Cfg_1</Key>
            <CfgParent>Base</CfgParent>
        </BuildConfiguration>
    </ItemGroup>
    <ProjectExtensions>
        <Borland.Personality>Delphi.Personality.12</Borland.Personality>
        <Borland.ProjectType/>
        <BorlandProject>
            <Delphi.Personality>
                <Source>
                    <Source Name="MainSource">Robber.dpr</Source>
                </Source>
                <VersionInfo>
                    <VersionInfo Name="IncludeVerInfo">False</VersionInfo>
                    <VersionInfo Name="AutoIncBuild">False</VersionInfo>
                    <VersionInfo Name="MajorVer">1</VersionInfo>
                    <VersionInfo Name="MinorVer">0</VersionInfo>
                    <VersionInfo Name="Release">0</VersionInfo>
                    <VersionInfo Name="Build">0</VersionInfo>
                    <VersionInfo Name="Debug">False</VersionInfo>
                    <VersionInfo Name="PreRelease">False</VersionInfo>
                    <VersionInfo Name="Special">False</VersionInfo>
                    <VersionInfo Name="Private">False</VersionInfo>
                    <VersionInfo Name="DLL">False</VersionInfo>
                    <VersionInfo Name="Locale">1033</VersionInfo>
                    <VersionInfo Name="CodePage">1252</VersionInfo>
                </VersionInfo>
                <VersionInfoKeys>
                    <VersionInfoKeys Name="CompanyName"/>
                    <VersionInfoKeys Name="FileDescription"/>
                    <VersionInfoKeys Name="FileVersion">1.0.0.0</VersionInfoKeys>
                    <VersionInfoKeys Name="InternalName"/>
                    <VersionInfoKeys Name="LegalCopyright"/>
                    <VersionInfoKeys Name="LegalTrademarks"/>
                    <VersionInfoKeys Name="OriginalFilename"/>
                    <VersionInfoKeys Name="ProductName"/>
                    <VersionInfoKeys Name="ProductVersion">1.0.0.0</VersionInfoKeys>
                    <VersionInfoKeys Name="Comments"/>
                    <VersionInfoKeys Name="CFBundleName"/>
                    <VersionInfoKeys Name="CFBundleDisplayName"/>
                    <VersionInfoKeys Name="CFBundleIdentifier"/>
                    <VersionInfoKeys Name="CFBundleVersion"/>
                    <VersionInfoKeys Name="CFBundlePackageType"/>
                    <VersionInfoKeys Name="CFBundleSignature"/>
                    <VersionInfoKeys Name="CFBundleAllowMixedLocalizations"/>
                    <VersionInfoKeys Name="CFBundleExecutable"/>
                </VersionInfoKeys>
                <Excluded_Packages>
                    <Excluded_Packages Name="C:\Program Files (x86)\Raize\CS5\Bin\CodeSiteExpressPkg_Design170.bpl">File C:\Program Files (x86)\Raize\CS5\Bin\CodeSiteExpressPkg_Design170.bpl not found</Excluded_Packages>
                    <Excluded_Packages Name="$(BDSBIN)\dcloffice2k170.bpl">Microsoft Office 2000 Sample Automation Server Wrapper Components</Excluded_Packages>
                    <Excluded_Packages Name="$(BDSBIN)\dclofficexp170.bpl">Microsoft Office XP Sample Automation Server Wrapper Components</Excluded_Packages>
                </Excluded_Packages>
            </Delphi.Personality>
            <Platforms>
                <Platform value="Win32">True</Platform>
                <Platform value="Win64">False</Platform>
            </Platforms>
        </BorlandProject>
        <ProjectFileVersion>12</ProjectFileVersion>
    </ProjectExtensions>
    <Import Project="$(BDS)\Bin\CodeGear.Delphi.Targets" Condition="Exists('$(BDS)\Bin\CodeGear.Delphi.Targets')"/>
    <Import Project="$(APPDATA)\Embarcadero\$(BDSAPPDATABASEDIR)\$(PRODUCTVERSION)\UserTools.proj" Condition="Exists('$(APPDATA)\Embarcadero\$(BDSAPPDATABASEDIR)\$(PRODUCTVERSION)\UserTools.proj')"/>
</Project>
